Microsoft Visual Studio Solution File, Format Version 12.00
# Visual Studio Version 17
VisualStudioVersion = 17.5.2.0
MinimumVisualStudioVersion = 10.0.40219.1
Project("{FAE04EC0-301F-11D3-BF4B-00C04F79EFBC}") = "PaymentTransactionValidator", "PaymentTransactionValidator.csproj", "{B1CAB024-6EB3-4486-ED51-CB1E82C50A11}"
EndProject
Global
	GlobalSection(SolutionConfigurationPlatforms) = preSolution
		Debug|Any CPU = Debug|Any CPU
		Release|Any CPU = Release|Any CPU
	EndGlobalSection
	GlobalSection(ProjectConfigurationPlatforms) = postSolution
		{B1CAB024-6EB3-4486-ED51-CB1E82C50A11}.Debug|Any CPU.ActiveCfg = Debug|Any CPU
		{B1CAB024-6EB3-4486-ED51-CB1E82C50A11}.Debug|Any CPU.Build.0 = Debug|Any CPU
		{B1CAB024-6EB3-4486-ED51-CB1E82C50A11}.Release|Any CPU.ActiveCfg = Release|Any CPU
		{B1CAB024-6EB3-4486-ED51-CB1E82C50A11}.Release|Any CPU.Build.0 = Release|Any CPU
	EndGlobalSection
	GlobalSection(SolutionProperties) = preSolution
		HideSolutionNode = FALSE
	EndGlobalSection
	GlobalSection(ExtensibilityGlobals) = postSolution
		SolutionGuid = {5DCD3729-9573-41B6-B915-E24B7C7C35A2}
	EndGlobalSection
EndGlobal
